
Microsoft Visual Studio Solution File, Format Version 12.00
# Visual Studio Version 16
VisualStudioVersion = 16.0.29911.84
MinimumVisualStudioVersion = 10.0.40219.1
Project("{FAE04EC0-301F-11D3-BF4B-00C04F79EFBC}") = "Microcredit calculator", "Microcredit calculator\Microcredit calculator.csproj", "{21C6CCEF-50BC-404F-BC08-CEAEDE9002B6}"
EndProject
Global
	GlobalSection(SolutionConfigurationPlatforms) = preSolution
		Debug|Any CPU = Debug|Any CPU
		Release|Any CPU = Release|Any CPU
	EndGlobalSection
	GlobalSection(ProjectConfigurationPlatforms) = postSolution
		{21C6CCEF-50BC-404F-BC08-CEAEDE9002B6}.Debug|Any CPU.ActiveCfg = Debug|Any CPU
		{21C6CCEF-50BC-404F-BC08-CEAEDE9002B6}.Debug|Any CPU.Build.0 = Debug|Any CPU
		{21C6CCEF-50BC-404F-BC08-CEAEDE9002B6}.Release|Any CPU.ActiveCfg = Release|Any CPU
		{21C6CCEF-50BC-404F-BC08-CEAEDE9002B6}.Release|Any CPU.Build.0 = Release|Any CPU
	EndGlobalSection
	GlobalSection(SolutionProperties) = preSolution
		HideSolutionNode = FALSE
	EndGlobalSection
	GlobalSection(ExtensibilityGlobals) = postSolution
		SolutionGuid = {7B65DB7F-0CF3-4076-8E97-A0B869E0BEB7}
	EndGlobalSection
EndGlobal
